
Microsoft Visual Studio Solution File, Format Version 12.00
# Visual Studio Version 17
VisualStudioVersion = 17.1.32421.90
MinimumVisualStudioVersion = 10.0.40219.1
Project("{8BC9CEB8-8B4A-11D0-8D11-00A0C91BC942}") = "hello_world_server", "hello_world_server\hello_world_server.vcxproj", "{12E227B0-E118-4B43-A77C-295137F0AFAF}"
EndProject
Project("{8BC9CEB8-8B4A-11D0-8D11-00A0C91BC942}") = "hello_client_win", "hello_client_win\hello_client_win.vcxproj", "{65DC388E-A55A-4EF1-9FAB-1BC8D5372820}"
EndProject
Project("{8BC9CEB8-8B4A-11D0-8D11-00A0C91BC942}") = "echo_server_win", "echo_server_win\echo_server_win.vcxproj", "{83BC0FF8-3C3D-43B8-9C0C-7110D7D6DB67}"
EndProject
Project("{8BC9CEB8-8B4A-11D0-8D11-00A0C91BC942}") = "tcp_client_win", "tcp_client_win2\tcp_client_win2.vcxproj", "{01F7A09D-2D8B-4BAE-94C5-3C734FDD4AF0}"
EndProject
Project("{8BC9CEB8-8B4A-11D0-8D11-00A0C91BC942}") = "tcp_server_win", "tcp_server_win\tcp_server_win.vcxproj", "{7B280580-FD41-403E-803B-385E4B8E7D14}"
EndProject
Global
	GlobalSection(SolutionConfigurationPlatforms) = preSolution
		Debug|x64 = Debug|x64
		Debug|x86 = Debug|x86
		Release|x64 = Release|x64
		Release|x86 = Release|x86
	EndGlobalSection
	GlobalSection(ProjectConfigurationPlatforms) = postSolution
		{12E227B0-E118-4B43-A77C-295137F0AFAF}.Debug|x64.ActiveCfg = Debug|x64
		{12E227B0-E118-4B43-A77C-295137F0AFAF}.Debug|x64.Build.0 = Debug|x64
		{12E227B0-E118-4B43-A77C-295137F0AFAF}.Debug|x86.ActiveCfg = Debug|Win32
		{12E227B0-E118-4B43-A77C-295137F0AFAF}.Debug|x86.Build.0 = Debug|Win32
		{12E227B0-E118-4B43-A77C-295137F0AFAF}.Release|x64.ActiveCfg = Release|x64
		{12E227B0-E118-4B43-A77C-295137F0AFAF}.Release|x64.Build.0 = Release|x64
		{12E227B0-E118-4B43-A77C-295137F0AFAF}.Release|x86.ActiveCfg = Release|Win32
		{12E227B0-E118-4B43-A77C-295137F0AFAF}.Release|x86.Build.0 = Release|Win32
		{65DC388E-A55A-4EF1-9FAB-1BC8D5372820}.Debug|x64.ActiveCfg = Debug|x64
		{65DC388E-A55A-4EF1-9FAB-1BC8D5372820}.Debug|x64.Build.0 = Debug|x64
		{65DC388E-A55A-4EF1-9FAB-1BC8D5372820}.Debug|x86.ActiveCfg = Debug|Win32
		{65DC388E-A55A-4EF1-9FAB-1BC8D5372820}.Debug|x86.Build.0 = Debug|Win32
		{65DC388E-A55A-4EF1-9FAB-1BC8D5372820}.Release|x64.ActiveCfg = Release|x64
		{65DC388E-A55A-4EF1-9FAB-1BC8D5372820}.Release|x64.Build.0 = Release|x64
		{65DC388E-A55A-4EF1-9FAB-1BC8D5372820}.Release|x86.ActiveCfg = Release|Win32
		{65DC388E-A55A-4EF1-9FAB-1BC8D5372820}.Release|x86.Build.0 = Release|Win32
		{83BC0FF8-3C3D-43B8-9C0C-7110D7D6DB67}.Debug|x64.ActiveCfg = Debug|x64
		{83BC0FF8-3C3D-43B8-9C0C-7110D7D6DB67}.Debug|x64.Build.0 = Debug|x64
		{83BC0FF8-3C3D-43B8-9C0C-7110D7D6DB67}.Debug|x86.ActiveCfg = Debug|Win32
		{83BC0FF8-3C3D-43B8-9C0C-7110D7D6DB67}.Debug|x86.Build.0 = Debug|Win32
		{83BC0FF8-3C3D-43B8-9C0C-7110D7D6DB67}.Release|x64.ActiveCfg = Release|x64
		{83BC0FF8-3C3D-43B8-9C0C-7110D7D6DB67}.Release|x64.Build.0 = Release|x64
		{83BC0FF8-3C3D-43B8-9C0C-7110D7D6DB67}.Release|x86.ActiveCfg = Release|Win32
		{83BC0FF8-3C3D-43B8-9C0C-7110D7D6DB67}.Release|x86.Build.0 = Release|Win32
	EndGlobalSection
	GlobalSection(SolutionProperties) = preSolution
		HideSolutionNode = FALSE
	EndGlobalSection
	GlobalSection(ExtensibilityGlobals) = postSolution
		SolutionGuid = {DF9F6AE7-6935-4E88-9356-B580D18B3E26}
	EndGlobalSection
EndGlobal
